// !$*UTF8*$!
{
	archiveVersion = 1;
	classes = {
	};
	objectVersion = 46;
	objects = {

/* Begin PBXBuildFile section */
		092A2A0B1BC4B6B900CBB8A9 /* iosDialogs.mm in Sources */ = {isa = PBXBuildFile; fileRef = 092A2A091BC4B6B400CBB8A9 /* iosDialogs.mm */; };
		093DCC931B6213C200140F7B /* os.abstraction.h in Headers */ = {isa = PBXBuildFile; fileRef = 093DCC921B6213C200140F7B /* os.abstraction.h */; };
		093DCC951B6213F800140F7B /* os.abstraction.cpp in Sources */ = {isa = PBXBuildFile; fileRef = 093DCC941B6213F800140F7B /* os.abstraction.cpp */; };
		093DCC961B6213F800140F7B /* os.abstraction.cpp in Sources */ = {isa = PBXBuildFile; fileRef = 093DCC941B6213F800140F7B /* os.abstraction.cpp */; };
		09429D631AD3877D001513DA /* os.storage.allincludes.h in Headers */ = {isa = PBXBuildFile; fileRef = 09429D621AD3877D001513DA /* os.storage.allincludes.h */; };
		09C2F83319BF17F400472700 /* os.storage.cpp in Sources */ = {isa = PBXBuildFile; fileRef = 09C2F83219BF17F400472700 /* os.storage.cpp */; };
		09C2F83519BF17FC00472700 /* os.storage.h in Headers */ = {isa = PBXBuildFile; fileRef = 09C2F83419BF17FC00472700 /* os.storage.h */; };
		09C2F86119BF185300472700 /* os.storage-Prefix.pch in Headers */ = {isa = PBXBuildFile; fileRef = 09C2F86019BF185300472700 /* os.storage-Prefix.pch */; };
		09C2F86219BF18B400472700 /* os.storage.cpp in Sources */ = {isa = PBXBuildFile; fileRef = 09C2F83219BF17F400472700 /* os.storage.cpp */; };
		09C6C6C91A0186E9003ECAB4 /* os.storage.keys.cpp in Sources */ = {isa = PBXBuildFile; fileRef = 09C6C6C81A0186E9003ECAB4 /* os.storage.keys.cpp */; };
		09C6C6CA1A0186E9003ECAB4 /* os.storage.keys.cpp in Sources */ = {isa = PBXBuildFile; fileRef = 09C6C6C81A0186E9003ECAB4 /* os.storage.keys.cpp */; };
		09C6C6CC1A0186F4003ECAB4 /* os.storage.keys.h in Headers */ = {isa = PBXBuildFile; fileRef = 09C6C6CB1A0186F4003ECAB4 /* os.storage.keys.h */; };
		09DBDCBA1B07EF8800870E0A /* os.file.dialog.cpp in Sources */ = {isa = PBXBuildFile; fileRef = 09DBDCB91B07EF8800870E0A /* os.file.dialog.cpp */; };
		09DBDCBB1B07EF8800870E0A /* os.file.dialog.cpp in Sources */ = {isa = PBXBuildFile; fileRef = 09DBDCB91B07EF8800870E0A /* os.file.dialog.cpp */; };
		09E632391AEF18C80073D796 /* CocoaDialogs.mm in Sources */ = {isa = PBXBuildFile; fileRef = 09E632381AEF18C80073D796 /* CocoaDialogs.mm */; };
		09E6323C1AEF19720073D796 /* os.file.dialog.h in Headers */ = {isa = PBXBuildFile; fileRef = 09E6323B1AEF19720073D796 /* os.file.dialog.h */; };
/* End PBXBuildFile section */

/* Begin PBXCopyFilesBuildPhase section */
		09C2F83819BF181B00472700 /* CopyFiles */ = {
			isa = PBXCopyFilesBuildPhase;
			buildActionMask = 2147483647;
			dstPath = "include/$(PRODUCT_NAME)";
			dstSubfolderSpec = 16;
			files = (
			);
			runOnlyForDeploymentPostprocessing = 0;
		};
/* End PBXCopyFilesBuildPhase section */

/* Begin PBXFileReference section */
		092A2A091BC4B6B400CBB8A9 /* iosDialogs.mm */ = {isa = PBXFileReference; fileEncoding = 4; lastKnownFileType = sourcecode.cpp.objcpp; name = iosDialogs.mm; path = source/ios/iosDialogs.mm; sourceTree = "<group>"; };
		093DCC921B6213C200140F7B /* os.abstraction.h */ = {isa = PBXFileReference; fileEncoding = 4; lastKnownFileType = sourcecode.c.h; name = os.abstraction.h; path = include/os.abstraction.h; sourceTree = "<group>"; };
		093DCC941B6213F800140F7B /* os.abstraction.cpp */ = {isa = PBXFileReference; fileEncoding = 4; lastKnownFileType = sourcecode.cpp.cpp; name = os.abstraction.cpp; path = source/os.abstraction.cpp; sourceTree = "<group>"; };
		09429D621AD3877D001513DA /* os.storage.allincludes.h */ = {isa = PBXFileReference; fileEncoding = 4; lastKnownFileType = sourcecode.c.h; name = os.storage.allincludes.h; path = include/os.storage.allincludes.h; sourceTree = "<group>"; };
		09C2F82919BF163B00472700 /* libos.storage.a */ = {isa = PBXFileReference; explicitFileType = archive.ar; includeInIndex = 0; path = libos.storage.a; sourceTree = BUILT_PRODUCTS_DIR; };
		09C2F83219BF17F400472700 /* os.storage.cpp */ = {isa = PBXFileReference; fileEncoding = 4; lastKnownFileType = sourcecode.cpp.cpp; name = os.storage.cpp; path = source/os.storage.cpp; sourceTree = "<group>"; };
		09C2F83419BF17FC00472700 /* os.storage.h */ = {isa = PBXFileReference; fileEncoding = 4; lastKnownFileType = sourcecode.c.h; lineEnding = 0; name = os.storage.h; path = include/os.storage.h; sourceTree = "<group>"; xcLanguageSpecificationIdentifier = xcode.lang.objcpp; };
		09C2F83A19BF181B00472700 /* libos.storage.ios.a */ = {isa = PBXFileReference; explicitFileType = archive.ar; includeInIndex = 0; path = libos.storage.ios.a; sourceTree = BUILT_PRODUCTS_DIR; };
		09C2F83C19BF181B00472700 /* Foundation.framework */ = {isa = PBXFileReference; lastKnownFileType = wrapper.framework; name = Foundation.framework; path = System/Library/Frameworks/Foundation.framework; sourceTree = SDKROOT; };
		09C2F84A19BF181B00472700 /* XCTest.framework */ = {isa = PBXFileReference; lastKnownFileType = wrapper.framework; name = XCTest.framework; path = Library/Frameworks/XCTest.framework; sourceTree = DEVELOPER_DIR; };
		09C2F84D19BF181B00472700 /* UIKit.framework */ = {isa = PBXFileReference; lastKnownFileType = wrapper.framework; name = UIKit.framework; path = Library/Frameworks/UIKit.framework; sourceTree = DEVELOPER_DIR; };
		09C2F86019BF185300472700 /* os.storage-Prefix.pch */ = {isa = PBXFileReference; fileEncoding = 4; lastKnownFileType = sourcecode.c.h; name = "os.storage-Prefix.pch"; path = "source/os.storage-Prefix.pch"; sourceTree = "<group>"; };
		09C6C6C81A0186E9003ECAB4 /* os.storage.keys.cpp */ = {isa = PBXFileReference; fileEncoding = 4; lastKnownFileType = sourcecode.cpp.cpp; name = os.storage.keys.cpp; path = source/os.storage.keys.cpp; sourceTree = "<group>"; };
		09C6C6CB1A0186F4003ECAB4 /* os.storage.keys.h */ = {isa = PBXFileReference; fileEncoding = 4; lastKnownFileType = sourcecode.c.h; name = os.storage.keys.h; path = include/os.storage.keys.h; sourceTree = "<group>"; };
		09C84A621C271DC4002CF5B7 /* os.storage.Debug.xcconfig */ = {isa = PBXFileReference; lastKnownFileType = text.xcconfig; path = os.storage.Debug.xcconfig; sourceTree = "<group>"; };
		09C84A631C271DC4002CF5B7 /* os.storage.ios.Debug.xcconfig */ = {isa = PBXFileReference; lastKnownFileType = text.xcconfig; path = os.storage.ios.Debug.xcconfig; sourceTree = "<group>"; };
		09C84A641C271DC4002CF5B7 /* os.storage.ios.Release.xcconfig */ = {isa = PBXFileReference; lastKnownFileType = text.xcconfig; path = os.storage.ios.Release.xcconfig; sourceTree = "<group>"; };
		09C84A651C271DC4002CF5B7 /* os.storage.ios.Shared.xcconfig */ = {isa = PBXFileReference; lastKnownFileType = text.xcconfig; path = os.storage.ios.Shared.xcconfig; sourceTree = "<group>"; };
		09C84A661C271DC4002CF5B7 /* os.storage.Release.xcconfig */ = {isa = PBXFileReference; lastKnownFileType = text.xcconfig; path = os.storage.Release.xcconfig; sourceTree = "<group>"; };
		09C84A671C271DC4002CF5B7 /* os.storage.Shared.xcconfig */ = {isa = PBXFileReference; lastKnownFileType = text.xcconfig; path = os.storage.Shared.xcconfig; sourceTree = "<group>"; };
		09C84A681C271DC4002CF5B7 /* Project.Debug.xcconfig */ = {isa = PBXFileReference; lastKnownFileType = text.xcconfig; path = Project.Debug.xcconfig; sourceTree = "<group>"; };
		09C84A691C271DC4002CF5B7 /* Project.Release.xcconfig */ = {isa = PBXFileReference; lastKnownFileType = text.xcconfig; path = Project.Release.xcconfig; sourceTree = "<group>"; };
		09C84A6A1C271DC4002CF5B7 /* Project.Shared.xcconfig */ = {isa = PBXFileReference; lastKnownFileType = text.xcconfig; path = Project.Shared.xcconfig; sourceTree = "<group>"; };
		09DBDCB91B07EF8800870E0A /* os.file.dialog.cpp */ = {isa = PBXFileReference; fileEncoding = 4; lastKnownFileType = sourcecode.cpp.cpp; name = os.file.dialog.cpp; path = source/os.file.dialog.cpp; sourceTree = "<group>"; };
		09E632381AEF18C80073D796 /* CocoaDialogs.mm */ = {isa = PBXFileReference; fileEncoding = 4; lastKnownFileType = sourcecode.cpp.objcpp; name = CocoaDialogs.mm; path = source/cocoa/CocoaDialogs.mm; sourceTree = "<group>"; };
		09E6323B1AEF19720073D796 /* os.file.dialog.h */ = {isa = PBXFileReference; fileEncoding = 4; lastKnownFileType = sourcecode.c.h; name = os.file.dialog.h; path = include/os.file.dialog.h; sourceTree = "<group>"; };
/* End PBXFileReference section */

/* Begin PBXFrameworksBuildPhase section */
		09C2F82619BF163B00472700 /* Frameworks */ = {
			isa = PBXFrameworksBuildPhase;
			buildActionMask = 2147483647;
			files = (
			);
			runOnlyForDeploymentPostprocessing = 0;
		};
		09C2F83719BF181B00472700 /* Frameworks */ = {
			isa = PBXFrameworksBuildPhase;
			buildActionMask = 2147483647;
			files = (
			);
			runOnlyForDeploymentPostprocessing = 0;
		};
/* End PBXFrameworksBuildPhase section */

/* Begin PBXGroup section */
		09C2F82019BF163A00472700 = {
			isa = PBXGroup;
			children = (
				09C84A611C271DC4002CF5B7 /* xcode.config */,
				09C2F83119BF17E100472700 /* include */,
				09C2F83019BF17DB00472700 /* source */,
				09C2F83B19BF181B00472700 /* Frameworks */,
				09C2F82A19BF163B00472700 /* Products */,
			);
			sourceTree = "<group>";
		};
		09C2F82A19BF163B00472700 /* Products */ = {
			isa = PBXGroup;
			children = (
				09C2F82919BF163B00472700 /* libos.storage.a */,
				09C2F83A19BF181B00472700 /* libos.storage.ios.a */,
			);
			name = Products;
			sourceTree = "<group>";
		};
		09C2F83019BF17DB00472700 /* source */ = {
			isa = PBXGroup;
			children = (
				092A2A091BC4B6B400CBB8A9 /* iosDialogs.mm */,
				09E632381AEF18C80073D796 /* CocoaDialogs.mm */,
				093DCC941B6213F800140F7B /* os.abstraction.cpp */,
				09DBDCB91B07EF8800870E0A /* os.file.dialog.cpp */,
				09C2F86019BF185300472700 /* os.storage-Prefix.pch */,
				09C2F83219BF17F400472700 /* os.storage.cpp */,
				09C6C6C81A0186E9003ECAB4 /* os.storage.keys.cpp */,
			);
			name = source;
			sourceTree = "<group>";
		};
		09C2F83119BF17E100472700 /* include */ = {
			isa = PBXGroup;
			children = (
				093DCC921B6213C200140F7B /* os.abstraction.h */,
				09E6323B1AEF19720073D796 /* os.file.dialog.h */,
				09429D621AD3877D001513DA /* os.storage.allincludes.h */,
				09C2F83419BF17FC00472700 /* os.storage.h */,
				09C6C6CB1A0186F4003ECAB4 /* os.storage.keys.h */,
			);
			name = include;
			sourceTree = "<group>";
		};
		09C2F83B19BF181B00472700 /* Frameworks */ = {
			isa = PBXGroup;
			children = (
				09C2F83C19BF181B00472700 /* Foundation.framework */,
				09C2F84A19BF181B00472700 /* XCTest.framework */,
				09C2F84D19BF181B00472700 /* UIKit.framework */,
			);
			name = Frameworks;
			sourceTree = "<group>";
		};
		09C84A611C271DC4002CF5B7 /* xcode.config */ = {
			isa = PBXGroup;
			children = (
				09C84A621C271DC4002CF5B7 /* os.storage.Debug.xcconfig */,
				09C84A631C271DC4002CF5B7 /* os.storage.ios.Debug.xcconfig */,
				09C84A641C271DC4002CF5B7 /* os.storage.ios.Release.xcconfig */,
				09C84A651C271DC4002CF5B7 /* os.storage.ios.Shared.xcconfig */,
				09C84A661C271DC4002CF5B7 /* os.storage.Release.xcconfig */,
				09C84A671C271DC4002CF5B7 /* os.storage.Shared.xcconfig */,
				09C84A681C271DC4002CF5B7 /* Project.Debug.xcconfig */,
				09C84A691C271DC4002CF5B7 /* Project.Release.xcconfig */,
				09C84A6A1C271DC4002CF5B7 /* Project.Shared.xcconfig */,
			);
			path = xcode.config;
			sourceTree = "<group>";
		};
/* End PBXGroup section */

/* Begin PBXHeadersBuildPhase section */
		09C2F82719BF163B00472700 /* Headers */ = {
			isa = PBXHeadersBuildPhase;
			buildActionMask = 2147483647;
			files = (
				09C6C6CC1A0186F4003ECAB4 /* os.storage.keys.h in Headers */,
				09429D631AD3877D001513DA /* os.storage.allincludes.h in Headers */,
				093DCC931B6213C200140F7B /* os.abstraction.h in Headers */,
				09C2F83519BF17FC00472700 /* os.storage.h in Headers */,
				09C2F86119BF185300472700 /* os.storage-Prefix.pch in Headers */,
				09E6323C1AEF19720073D796 /* os.file.dialog.h in Headers */,
			);
			runOnlyForDeploymentPostprocessing = 0;
		};
/* End PBXHeadersBuildPhase section */

/* Begin PBXNativeTarget section */
		09C2F82819BF163B00472700 /* os.storage */ = {
			isa = PBXNativeTarget;
			buildConfigurationList = 09C2F82D19BF163B00472700 /* Build configuration list for PBXNativeTarget "os.storage" */;
			buildPhases = (
				09C2F82519BF163B00472700 /* Sources */,
				09C2F82619BF163B00472700 /* Frameworks */,
				09C2F82719BF163B00472700 /* Headers */,
			);
			buildRules = (
			);
			dependencies = (
			);
			name = os.storage;
			productName = os.storage;
			productReference = 09C2F82919BF163B00472700 /* libos.storage.a */;
			productType = "com.apple.product-type.library.static";
		};
		09C2F83919BF181B00472700 /* os.storage.ios */ = {
			isa = PBXNativeTarget;
			buildConfigurationList = 09C2F85A19BF181B00472700 /* Build configuration list for PBXNativeTarget "os.storage.ios" */;
			buildPhases = (
				09C2F83619BF181B00472700 /* Sources */,
				09C2F83719BF181B00472700 /* Frameworks */,
				09C2F83819BF181B00472700 /* CopyFiles */,
			);
			buildRules = (
			);
			dependencies = (
			);
			name = os.storage.ios;
			productName = os.storage.ios;
			productReference = 09C2F83A19BF181B00472700 /* libos.storage.ios.a */;
			productType = "com.apple.product-type.library.static";
		};
/* End PBXNativeTarget section */

/* Begin PBXProject section */
		09C2F82119BF163A00472700 /* Project object */ = {
			isa = PBXProject;
			attributes = {
				LastUpgradeCheck = 0600;
				ORGANIZATIONNAME = Olivier;
			};
			buildConfigurationList = 09C2F82419BF163A00472700 /* Build configuration list for PBXProject "os.storage" */;
			compatibilityVersion = "Xcode 3.2";
			developmentRegion = English;
			hasScannedForEncodings = 0;
			knownRegions = (
				en,
			);
			mainGroup = 09C2F82019BF163A00472700;
			productRefGroup = 09C2F82A19BF163B00472700 /* Products */;
			projectDirPath = "";
			projectRoot = "";
			targets = (
				09C2F82819BF163B00472700 /* os.storage */,
				09C2F83919BF181B00472700 /* os.storage.ios */,
			);
		};
/* End PBXProject section */

/* Begin PBXSourcesBuildPhase section */
		09C2F82519BF163B00472700 /* Sources */ = {
			isa = PBXSourcesBuildPhase;
			buildActionMask = 2147483647;
			files = (
				09DBDCBA1B07EF8800870E0A /* os.file.dialog.cpp in Sources */,
				09E632391AEF18C80073D796 /* CocoaDialogs.mm in Sources */,
				09C2F83319BF17F400472700 /* os.storage.cpp in Sources */,
				093DCC951B6213F800140F7B /* os.abstraction.cpp in Sources */,
				09C6C6C91A0186E9003ECAB4 /* os.storage.keys.cpp in Sources */,
			);
			runOnlyForDeploymentPostprocessing = 0;
		};
		09C2F83619BF181B00472700 /* Sources */ = {
			isa = PBXSourcesBuildPhase;
			buildActionMask = 2147483647;
			files = (
				092A2A0B1BC4B6B900CBB8A9 /* iosDialogs.mm in Sources */,
				09DBDCBB1B07EF8800870E0A /* os.file.dialog.cpp in Sources */,
				09C2F86219BF18B400472700 /* os.storage.cpp in Sources */,
				093DCC961B6213F800140F7B /* os.abstraction.cpp in Sources */,
				09C6C6CA1A0186E9003ECAB4 /* os.storage.keys.cpp in Sources */,
			);
			runOnlyForDeploymentPostprocessing = 0;
		};
/* End PBXSourcesBuildPhase section */

/* Begin XCBuildConfiguration section */
		09C2F82B19BF163B00472700 /* Debug */ = {
			isa = XCBuildConfiguration;
			baseConfigurationReference = 09C84A681C271DC4002CF5B7 /* Project.Debug.xcconfig */;
			buildSettings = {
			};
			name = Debug;
		};
		09C2F82C19BF163B00472700 /* Release */ = {
			isa = XCBuildConfiguration;
			baseConfigurationReference = 09C84A691C271DC4002CF5B7 /* Project.Release.xcconfig */;
			buildSettings = {
			};
			name = Release;
		};
		09C2F82E19BF163B00472700 /* Debug */ = {
			isa = XCBuildConfiguration;
			baseConfigurationReference = 09C84A621C271DC4002CF5B7 /* os.storage.Debug.xcconfig */;
			buildSettings = {
			};
			name = Debug;
		};
		09C2F82F19BF163B00472700 /* Release */ = {
			isa = XCBuildConfiguration;
			baseConfigurationReference = 09C84A661C271DC4002CF5B7 /* os.storage.Release.xcconfig */;
			buildSettings = {
			};
			name = Release;
		};
		09C2F85B19BF181B00472700 /* Debug */ = {
			isa = XCBuildConfiguration;
			baseConfigurationReference = 09C84A631C271DC4002CF5B7 /* os.storage.ios.Debug.xcconfig */;
			buildSettings = {
			};
			name = Debug;
		};
		09C2F85C19BF181B00472700 /* Release */ = {
			isa = XCBuildConfiguration;
			baseConfigurationReference = 09C84A641C271DC4002CF5B7 /* os.storage.ios.Release.xcconfig */;
			buildSettings = {
			};
			name = Release;
		};
/* End XCBuildConfiguration section */

/* Begin XCConfigurationList section */
		09C2F82419BF163A00472700 /* Build configuration list for PBXProject "os.storage" */ = {
			isa = XCConfigurationList;
			buildConfigurations = (
				09C2F82B19BF163B00472700 /* Debug */,
				09C2F82C19BF163B00472700 /* Release */,
			);
			defaultConfigurationIsVisible = 0;
			defaultConfigurationName = Release;
		};
		09C2F82D19BF163B00472700 /* Build configuration list for PBXNativeTarget "os.storage" */ = {
			isa = XCConfigurationList;
			buildConfigurations = (
				09C2F82E19BF163B00472700 /* Debug */,
				09C2F82F19BF163B00472700 /* Release */,
			);
			defaultConfigurationIsVisible = 0;
			defaultConfigurationName = Release;
		};
		09C2F85A19BF181B00472700 /* Build configuration list for PBXNativeTarget "os.storage.ios" */ = {
			isa = XCConfigurationList;
			buildConfigurations = (
				09C2F85B19BF181B00472700 /* Debug */,
				09C2F85C19BF181B00472700 /* Release */,
			);
			defaultConfigurationIsVisible = 0;
			defaultConfigurationName = Release;
		};
/* End XCConfigurationList section */
	};
	rootObject = 09C2F82119BF163A00472700 /* Project object */;
}
