// !$*UTF8*$!
{
	archiveVersion = 1;
	classes = {
	};
	objectVersion = 46;
	objects = {

/* Begin PBXBuildFile section */
		091578351F80695B0058B088 /* genRandBytes.cpp in Sources */ = {isa = PBXBuildFile; fileRef = 091578341F80695B0058B088 /* genRandBytes.cpp */; };
		0965AB651F806F860017F78C /* unity.build.cpp in Sources */ = {isa = PBXBuildFile; fileRef = 0978356C1D57B13B00E47ED3 /* unity.build.cpp */; };
		0965AB681F80742B0017F78C /* libalgorithms.a in Frameworks */ = {isa = PBXBuildFile; fileRef = 0965AB661F80742B0017F78C /* libalgorithms.a */; };
		0965AB691F80742B0017F78C /* libos.log.osx.a in Frameworks */ = {isa = PBXBuildFile; fileRef = 0965AB671F80742B0017F78C /* libos.log.osx.a */; };
		0965AB6A1F8074870017F78C /* unity.build.mm.cpp in Sources */ = {isa = PBXBuildFile; fileRef = 09EC87091E06625900252038 /* unity.build.mm.cpp */; };
		0965AB6C1F8074F40017F78C /* CoreGraphics.framework in Frameworks */ = {isa = PBXBuildFile; fileRef = 0965AB6B1F8074F40017F78C /* CoreGraphics.framework */; };
		0965AB6E1F8075080017F78C /* AppKit.framework in Frameworks */ = {isa = PBXBuildFile; fileRef = 0965AB6D1F8075080017F78C /* AppKit.framework */; };
		0978356D1D57B13B00E47ED3 /* unity.build.cpp in Sources */ = {isa = PBXBuildFile; fileRef = 0978356C1D57B13B00E47ED3 /* unity.build.cpp */; };
		0978356E1D57B13E00E47ED3 /* unity.build.cpp in Sources */ = {isa = PBXBuildFile; fileRef = 0978356C1D57B13B00E47ED3 /* unity.build.cpp */; };
		09EC870B1E06628C00252038 /* unity.build.mm.cpp in Sources */ = {isa = PBXBuildFile; fileRef = 09EC87091E06625900252038 /* unity.build.mm.cpp */; };
		09EC870C1E06628D00252038 /* unity.build.mm.cpp in Sources */ = {isa = PBXBuildFile; fileRef = 09EC87091E06625900252038 /* unity.build.mm.cpp */; };
/* End PBXBuildFile section */

/* Begin PBXCopyFilesBuildPhase section */
		0915782B1F8068940058B088 /* CopyFiles */ = {
			isa = PBXCopyFilesBuildPhase;
			buildActionMask = 2147483647;
			dstPath = /usr/share/man/man1/;
			dstSubfolderSpec = 0;
			files = (
			);
			runOnlyForDeploymentPostprocessing = 1;
		};
		09C2F83819BF181B00472700 /* CopyFiles */ = {
			isa = PBXCopyFilesBuildPhase;
			buildActionMask = 2147483647;
			dstPath = "include/$(PRODUCT_NAME)";
			dstSubfolderSpec = 16;
			files = (
			);
			runOnlyForDeploymentPostprocessing = 0;
		};
/* End PBXCopyFilesBuildPhase section */

/* Begin PBXFileReference section */
		0914BEE61D13904C007D6795 /* file2string.cpp */ = {isa = PBXFileReference; fileEncoding = 4; lastKnownFileType = sourcecode.cpp.cpp; name = file2string.cpp; path = source/file2string.cpp; sourceTree = "<group>"; };
		0914BEE91D13905F007D6795 /* file2string.h */ = {isa = PBXFileReference; fileEncoding = 4; lastKnownFileType = sourcecode.c.h; name = file2string.h; path = include/file2string.h; sourceTree = "<group>"; };
		0915782D1F8068940058B088 /* genRndBytes */ = {isa = PBXFileReference; explicitFileType = "compiled.mach-o.executable"; includeInIndex = 0; path = genRndBytes; sourceTree = BUILT_PRODUCTS_DIR; };
		091578341F80695B0058B088 /* genRandBytes.cpp */ = {isa = PBXFileReference; fileEncoding = 4; lastKnownFileType = sourcecode.cpp.cpp; name = genRandBytes.cpp; path = source/genRandBytes.cpp; sourceTree = "<group>"; };
		092A2A091BC4B6B400CBB8A9 /* iosDialogs.mm */ = {isa = PBXFileReference; fileEncoding = 4; lastKnownFileType = sourcecode.cpp.objcpp; name = iosDialogs.mm; path = source/ios/iosDialogs.mm; sourceTree = "<group>"; };
		093592471ECFCC0D008DFAB2 /* utf8.hpp */ = {isa = PBXFileReference; fileEncoding = 4; lastKnownFileType = sourcecode.cpp.h; name = utf8.hpp; path = include/utf8.hpp; sourceTree = "<group>"; };
		093DCC921B6213C200140F7B /* os.abstraction.h */ = {isa = PBXFileReference; fileEncoding = 4; lastKnownFileType = sourcecode.c.h; name = os.abstraction.h; path = include/os.abstraction.h; sourceTree = "<group>"; };
		093DCC941B6213F800140F7B /* os.abstraction.cpp */ = {isa = PBXFileReference; fileEncoding = 4; lastKnownFileType = sourcecode.cpp.cpp; name = os.abstraction.cpp; path = source/os.abstraction.cpp; sourceTree = "<group>"; };
		0951E94D1D865BE700876382 /* platform.h */ = {isa = PBXFileReference; lastKnownFileType = sourcecode.c.h; name = platform.h; path = include/platform.h; sourceTree = "<group>"; };
		0951E94E1D865BE700876382 /* Posix.h */ = {isa = PBXFileReference; lastKnownFileType = sourcecode.c.h; name = Posix.h; path = include/Posix.h; sourceTree = "<group>"; };
		0951E94F1D865C0500876382 /* Posix.cpp */ = {isa = PBXFileReference; explicitFileType = sourcecode.cpp.objcpp; fileEncoding = 4; name = Posix.cpp; path = source/Posix.cpp; sourceTree = "<group>"; };
		0951E9511D87B3BA00876382 /* iOS.h */ = {isa = PBXFileReference; lastKnownFileType = sourcecode.c.h; name = iOS.h; path = include/iOS.h; sourceTree = "<group>"; };
		0951E9521D87B44B00876382 /* iOS.mm */ = {isa = PBXFileReference; fileEncoding = 4; lastKnownFileType = sourcecode.cpp.objcpp; name = iOS.mm; path = source/iOS.mm; sourceTree = "<group>"; };
		0965AB661F80742B0017F78C /* libalgorithms.a */ = {isa = PBXFileReference; lastKnownFileType = archive.ar; name = libalgorithms.a; path = ../algorithms/build/Debug/libalgorithms.a; sourceTree = "<group>"; };
		0965AB671F80742B0017F78C /* libos.log.osx.a */ = {isa = PBXFileReference; lastKnownFileType = archive.ar; name = libos.log.osx.a; path = ../os.log/build/Debug/libos.log.osx.a; sourceTree = "<group>"; };
		0965AB6B1F8074F40017F78C /* CoreGraphics.framework */ = {isa = PBXFileReference; lastKnownFileType = wrapper.framework; name = CoreGraphics.framework; path = System/Library/Frameworks/CoreGraphics.framework; sourceTree = SDKROOT; };
		0965AB6D1F8075080017F78C /* AppKit.framework */ = {isa = PBXFileReference; lastKnownFileType = wrapper.framework; name = AppKit.framework; path = System/Library/Frameworks/AppKit.framework; sourceTree = SDKROOT; };
		0965AB6F1F807AA20017F78C /* generated */ = {isa = PBXFileReference; lastKnownFileType = folder; path = generated; sourceTree = "<group>"; };
		0978356C1D57B13B00E47ED3 /* unity.build.cpp */ = {isa = PBXFileReference; fileEncoding = 4; lastKnownFileType = sourcecode.cpp.cpp; name = unity.build.cpp; path = source/unity.build.cpp; sourceTree = "<group>"; };
		0992C61B1E0572330003688B /* private.h */ = {isa = PBXFileReference; lastKnownFileType = sourcecode.c.h; name = private.h; path = source/private.h; sourceTree = "<group>"; };
		0992C61C1E0572400003688B /* public.h */ = {isa = PBXFileReference; lastKnownFileType = sourcecode.c.h; name = public.h; path = include/public.h; sourceTree = "<group>"; };
		09AEADF41ECF831E005CF2E7 /* bsonparser.hpp */ = {isa = PBXFileReference; fileEncoding = 4; lastKnownFileType = sourcecode.cpp.h; name = bsonparser.hpp; path = include/bsonparser.hpp; sourceTree = "<group>"; };
		09AEADF51ECF831E005CF2E7 /* bsonwriter.hpp */ = {isa = PBXFileReference; fileEncoding = 4; lastKnownFileType = sourcecode.cpp.h; name = bsonwriter.hpp; path = include/bsonwriter.hpp; sourceTree = "<group>"; };
		09AEADF81ECF8462005CF2E7 /* bsonutils.hpp */ = {isa = PBXFileReference; fileEncoding = 4; lastKnownFileType = sourcecode.cpp.h; name = bsonutils.hpp; path = include/bsonutils.hpp; sourceTree = "<group>"; };
		09C2F82919BF163B00472700 /* libos.storage.osx.a */ = {isa = PBXFileReference; explicitFileType = archive.ar; includeInIndex = 0; path = libos.storage.osx.a; sourceTree = BUILT_PRODUCTS_DIR; };
		09C2F83219BF17F400472700 /* os.storage.cpp */ = {isa = PBXFileReference; fileEncoding = 4; lastKnownFileType = sourcecode.cpp.cpp; name = os.storage.cpp; path = source/os.storage.cpp; sourceTree = "<group>"; };
		09C2F83419BF17FC00472700 /* os.storage.h */ = {isa = PBXFileReference; fileEncoding = 4; lastKnownFileType = sourcecode.c.h; lineEnding = 0; name = os.storage.h; path = include/os.storage.h; sourceTree = "<group>"; xcLanguageSpecificationIdentifier = xcode.lang.objcpp; };
		09C2F83A19BF181B00472700 /* libos.storage.ios.a */ = {isa = PBXFileReference; explicitFileType = archive.ar; includeInIndex = 0; path = libos.storage.ios.a; sourceTree = BUILT_PRODUCTS_DIR; };
		09C2F83C19BF181B00472700 /* Foundation.framework */ = {isa = PBXFileReference; lastKnownFileType = wrapper.framework; name = Foundation.framework; path = System/Library/Frameworks/Foundation.framework; sourceTree = SDKROOT; };
		09C2F84A19BF181B00472700 /* XCTest.framework */ = {isa = PBXFileReference; lastKnownFileType = wrapper.framework; name = XCTest.framework; path = Library/Frameworks/XCTest.framework; sourceTree = DEVELOPER_DIR; };
		09C2F84D19BF181B00472700 /* UIKit.framework */ = {isa = PBXFileReference; lastKnownFileType = wrapper.framework; name = UIKit.framework; path = Library/Frameworks/UIKit.framework; sourceTree = DEVELOPER_DIR; };
		09C6C6C81A0186E9003ECAB4 /* os.storage.keys.cpp */ = {isa = PBXFileReference; fileEncoding = 4; lastKnownFileType = sourcecode.cpp.cpp; name = os.storage.keys.cpp; path = source/os.storage.keys.cpp; sourceTree = "<group>"; };
		09C6C6CB1A0186F4003ECAB4 /* os.storage.keys.h */ = {isa = PBXFileReference; fileEncoding = 4; lastKnownFileType = sourcecode.c.h; name = os.storage.keys.h; path = include/os.storage.keys.h; sourceTree = "<group>"; };
		09C84A621C271DC4002CF5B7 /* osx.debug.xcconfig */ = {isa = PBXFileReference; lastKnownFileType = text.xcconfig; path = osx.debug.xcconfig; sourceTree = "<group>"; };
		09C84A631C271DC4002CF5B7 /* ios.debug.xcconfig */ = {isa = PBXFileReference; lastKnownFileType = text.xcconfig; path = ios.debug.xcconfig; sourceTree = "<group>"; };
		09C84A641C271DC4002CF5B7 /* ios.release.xcconfig */ = {isa = PBXFileReference; lastKnownFileType = text.xcconfig; path = ios.release.xcconfig; sourceTree = "<group>"; };
		09C84A651C271DC4002CF5B7 /* ios.xcconfig */ = {isa = PBXFileReference; lastKnownFileType = text.xcconfig; path = ios.xcconfig; sourceTree = "<group>"; };
		09C84A661C271DC4002CF5B7 /* osx.release.xcconfig */ = {isa = PBXFileReference; lastKnownFileType = text.xcconfig; path = osx.release.xcconfig; sourceTree = "<group>"; };
		09C84A671C271DC4002CF5B7 /* osx.xcconfig */ = {isa = PBXFileReference; lastKnownFileType = text.xcconfig; path = osx.xcconfig; sourceTree = "<group>"; };
		09C84A681C271DC4002CF5B7 /* Project.Debug.xcconfig */ = {isa = PBXFileReference; lastKnownFileType = text.xcconfig; path = Project.Debug.xcconfig; sourceTree = "<group>"; };
		09C84A691C271DC4002CF5B7 /* Project.Release.xcconfig */ = {isa = PBXFileReference; lastKnownFileType = text.xcconfig; path = Project.Release.xcconfig; sourceTree = "<group>"; };
		09C84A6A1C271DC4002CF5B7 /* Project.Shared.xcconfig */ = {isa = PBXFileReference; lastKnownFileType = text.xcconfig; path = Project.Shared.xcconfig; sourceTree = "<group>"; };
		09D1348D1D15B570001CE54F /* read.resources.h */ = {isa = PBXFileReference; fileEncoding = 4; lastKnownFileType = sourcecode.c.h; name = read.resources.h; path = include/read.resources.h; sourceTree = "<group>"; };
		09D1348F1D15B57F001CE54F /* read.resources.cpp */ = {isa = PBXFileReference; fileEncoding = 4; lastKnownFileType = sourcecode.cpp.cpp; name = read.resources.cpp; path = source/read.resources.cpp; sourceTree = "<group>"; };
		09DBDCB91B07EF8800870E0A /* os.file.dialog.cpp */ = {isa = PBXFileReference; fileEncoding = 4; lastKnownFileType = sourcecode.cpp.cpp; name = os.file.dialog.cpp; path = source/os.file.dialog.cpp; sourceTree = "<group>"; };
		09E632381AEF18C80073D796 /* CocoaDialogs.mm */ = {isa = PBXFileReference; fileEncoding = 4; lastKnownFileType = sourcecode.cpp.objcpp; name = CocoaDialogs.mm; path = source/cocoa/CocoaDialogs.mm; sourceTree = "<group>"; };
		09E6323B1AEF19720073D796 /* os.file.dialog.h */ = {isa = PBXFileReference; fileEncoding = 4; lastKnownFileType = sourcecode.c.h; name = os.file.dialog.h; path = include/os.file.dialog.h; sourceTree = "<group>"; };
		09EC87071E06611700252038 /* private.mm.h */ = {isa = PBXFileReference; lastKnownFileType = sourcecode.c.h; name = private.mm.h; path = source/private.mm.h; sourceTree = "<group>"; };
		09EC87081E0661C100252038 /* read.resources.mm.cpp */ = {isa = PBXFileReference; lastKnownFileType = sourcecode.cpp.cpp; name = read.resources.mm.cpp; path = source/read.resources.mm.cpp; sourceTree = "<group>"; };
		09EC87091E06625900252038 /* unity.build.mm.cpp */ = {isa = PBXFileReference; explicitFileType = sourcecode.cpp.objcpp; name = unity.build.mm.cpp; path = source/unity.build.mm.cpp; sourceTree = "<group>"; };
		09EC870A1E06625900252038 /* Posix.mm.cpp */ = {isa = PBXFileReference; lastKnownFileType = sourcecode.cpp.cpp; name = Posix.mm.cpp; path = source/Posix.mm.cpp; sourceTree = "<group>"; };
/* End PBXFileReference section */

/* Begin PBXFrameworksBuildPhase section */
		0915782A1F8068940058B088 /* Frameworks */ = {
			isa = PBXFrameworksBuildPhase;
			buildActionMask = 2147483647;
			files = (
				0965AB6E1F8075080017F78C /* AppKit.framework in Frameworks */,
				0965AB6C1F8074F40017F78C /* CoreGraphics.framework in Frameworks */,
				0965AB681F80742B0017F78C /* libalgorithms.a in Frameworks */,
				0965AB691F80742B0017F78C /* libos.log.osx.a in Frameworks */,
			);
			runOnlyForDeploymentPostprocessing = 0;
		};
		09C2F82619BF163B00472700 /* Frameworks */ = {
			isa = PBXFrameworksBuildPhase;
			buildActionMask = 2147483647;
			files = (
			);
			runOnlyForDeploymentPostprocessing = 0;
		};
		09C2F83719BF181B00472700 /* Frameworks */ = {
			isa = PBXFrameworksBuildPhase;
			buildActionMask = 2147483647;
			files = (
			);
			runOnlyForDeploymentPostprocessing = 0;
		};
/* End PBXFrameworksBuildPhase section */

/* Begin PBXGroup section */
		09186AF61E84ECC000E5BEC9 /* platforms */ = {
			isa = PBXGroup;
			children = (
				0951E9511D87B3BA00876382 /* iOS.h */,
				0951E94E1D865BE700876382 /* Posix.h */,
			);
			name = platforms;
			sourceTree = "<group>";
		};
		09186AF71E84ED2700E5BEC9 /* platforms */ = {
			isa = PBXGroup;
			children = (
				09EC870A1E06625900252038 /* Posix.mm.cpp */,
				0951E9521D87B44B00876382 /* iOS.mm */,
				0951E94F1D865C0500876382 /* Posix.cpp */,
			);
			name = platforms;
			sourceTree = "<group>";
		};
		09186AF81E84ED3D00E5BEC9 /* dialogs */ = {
			isa = PBXGroup;
			children = (
				09E632381AEF18C80073D796 /* CocoaDialogs.mm */,
				092A2A091BC4B6B400CBB8A9 /* iosDialogs.mm */,
			);
			name = dialogs;
			sourceTree = "<group>";
		};
		09C2F82019BF163A00472700 = {
			isa = PBXGroup;
			children = (
				0965AB6F1F807AA20017F78C /* generated */,
				09C84A611C271DC4002CF5B7 /* xcode.config */,
				09C2F83119BF17E100472700 /* include */,
				09C2F83019BF17DB00472700 /* source */,
				09C2F83B19BF181B00472700 /* Frameworks */,
				09C2F82A19BF163B00472700 /* Products */,
			);
			sourceTree = "<group>";
		};
		09C2F82A19BF163B00472700 /* Products */ = {
			isa = PBXGroup;
			children = (
				09C2F82919BF163B00472700 /* libos.storage.osx.a */,
				09C2F83A19BF181B00472700 /* libos.storage.ios.a */,
				0915782D1F8068940058B088 /* genRndBytes */,
			);
			name = Products;
			sourceTree = "<group>";
		};
		09C2F83019BF17DB00472700 /* source */ = {
			isa = PBXGroup;
			children = (
				09186AF81E84ED3D00E5BEC9 /* dialogs */,
				0914BEE61D13904C007D6795 /* file2string.cpp */,
				093DCC941B6213F800140F7B /* os.abstraction.cpp */,
				09DBDCB91B07EF8800870E0A /* os.file.dialog.cpp */,
				09C2F83219BF17F400472700 /* os.storage.cpp */,
				09C6C6C81A0186E9003ECAB4 /* os.storage.keys.cpp */,
				09186AF71E84ED2700E5BEC9 /* platforms */,
				0992C61B1E0572330003688B /* private.h */,
				09EC87071E06611700252038 /* private.mm.h */,
				09D1348F1D15B57F001CE54F /* read.resources.cpp */,
				09EC87081E0661C100252038 /* read.resources.mm.cpp */,
				0978356C1D57B13B00E47ED3 /* unity.build.cpp */,
				09EC87091E06625900252038 /* unity.build.mm.cpp */,
				091578341F80695B0058B088 /* genRandBytes.cpp */,
			);
			name = source;
			sourceTree = "<group>";
		};
		09C2F83119BF17E100472700 /* include */ = {
			isa = PBXGroup;
			children = (
				093592471ECFCC0D008DFAB2 /* utf8.hpp */,
				09AEADF81ECF8462005CF2E7 /* bsonutils.hpp */,
				09AEADF41ECF831E005CF2E7 /* bsonparser.hpp */,
				09AEADF51ECF831E005CF2E7 /* bsonwriter.hpp */,
				0914BEE91D13905F007D6795 /* file2string.h */,
				093DCC921B6213C200140F7B /* os.abstraction.h */,
				09E6323B1AEF19720073D796 /* os.file.dialog.h */,
				09C2F83419BF17FC00472700 /* os.storage.h */,
				09C6C6CB1A0186F4003ECAB4 /* os.storage.keys.h */,
				0951E94D1D865BE700876382 /* platform.h */,
				09186AF61E84ECC000E5BEC9 /* platforms */,
				0992C61C1E0572400003688B /* public.h */,
				09D1348D1D15B570001CE54F /* read.resources.h */,
			);
			name = include;
			sourceTree = "<group>";
		};
		09C2F83B19BF181B00472700 /* Frameworks */ = {
			isa = PBXGroup;
			children = (
				0965AB6D1F8075080017F78C /* AppKit.framework */,
				0965AB6B1F8074F40017F78C /* CoreGraphics.framework */,
				0965AB661F80742B0017F78C /* libalgorithms.a */,
				0965AB671F80742B0017F78C /* libos.log.osx.a */,
				09C2F83C19BF181B00472700 /* Foundation.framework */,
				09C2F84A19BF181B00472700 /* XCTest.framework */,
				09C2F84D19BF181B00472700 /* UIKit.framework */,
			);
			name = Frameworks;
			sourceTree = "<group>";
		};
		09C84A611C271DC4002CF5B7 /* xcode.config */ = {
			isa = PBXGroup;
			children = (
				09C84A631C271DC4002CF5B7 /* ios.debug.xcconfig */,
				09C84A641C271DC4002CF5B7 /* ios.release.xcconfig */,
				09C84A651C271DC4002CF5B7 /* ios.xcconfig */,
				09C84A621C271DC4002CF5B7 /* osx.debug.xcconfig */,
				09C84A661C271DC4002CF5B7 /* osx.release.xcconfig */,
				09C84A671C271DC4002CF5B7 /* osx.xcconfig */,
				09C84A681C271DC4002CF5B7 /* Project.Debug.xcconfig */,
				09C84A691C271DC4002CF5B7 /* Project.Release.xcconfig */,
				09C84A6A1C271DC4002CF5B7 /* Project.Shared.xcconfig */,
			);
			path = xcode.config;
			sourceTree = "<group>";
		};
/* End PBXGroup section */

/* Begin PBXHeadersBuildPhase section */
		09C2F82719BF163B00472700 /* Headers */ = {
			isa = PBXHeadersBuildPhase;
			buildActionMask = 2147483647;
			files = (
			);
			runOnlyForDeploymentPostprocessing = 0;
		};
/* End PBXHeadersBuildPhase section */

/* Begin PBXNativeTarget section */
		0915782C1F8068940058B088 /* genRndBytes */ = {
			isa = PBXNativeTarget;
			buildConfigurationList = 091578331F8068940058B088 /* Build configuration list for PBXNativeTarget "genRndBytes" */;
			buildPhases = (
				091578291F8068940058B088 /* Sources */,
				0915782A1F8068940058B088 /* Frameworks */,
				0915782B1F8068940058B088 /* CopyFiles */,
			);
			buildRules = (
			);
			dependencies = (
			);
			name = genRndBytes;
			productName = genRndBytes;
			productReference = 0915782D1F8068940058B088 /* genRndBytes */;
			productType = "com.apple.product-type.tool";
		};
		09C2F82819BF163B00472700 /* os.storage.osx */ = {
			isa = PBXNativeTarget;
			buildConfigurationList = 09C2F82D19BF163B00472700 /* Build configuration list for PBXNativeTarget "os.storage.osx" */;
			buildPhases = (
				09C2F82519BF163B00472700 /* Sources */,
				09C2F82619BF163B00472700 /* Frameworks */,
				09C2F82719BF163B00472700 /* Headers */,
			);
			buildRules = (
			);
			dependencies = (
			);
			name = os.storage.osx;
			productName = os.storage;
			productReference = 09C2F82919BF163B00472700 /* libos.storage.osx.a */;
			productType = "com.apple.product-type.library.static";
		};
		09C2F83919BF181B00472700 /* os.storage.ios */ = {
			isa = PBXNativeTarget;
			buildConfigurationList = 09C2F85A19BF181B00472700 /* Build configuration list for PBXNativeTarget "os.storage.ios" */;
			buildPhases = (
				09C2F83619BF181B00472700 /* Sources */,
				09C2F83719BF181B00472700 /* Frameworks */,
				09C2F83819BF181B00472700 /* CopyFiles */,
			);
			buildRules = (
			);
			dependencies = (
			);
			name = os.storage.ios;
			productName = os.storage.ios;
			productReference = 09C2F83A19BF181B00472700 /* libos.storage.ios.a */;
			productType = "com.apple.product-type.library.static";
		};
/* End PBXNativeTarget section */

/* Begin PBXProject section */
		09C2F82119BF163A00472700 /* Project object */ = {
			isa = PBXProject;
			attributes = {
				LastUpgradeCheck = 0600;
				ORGANIZATIONNAME = Olivier;
				TargetAttributes = {
					0915782C1F8068940058B088 = {
						CreatedOnToolsVersion = 8.2.1;
						ProvisioningStyle = Automatic;
					};
				};
			};
			buildConfigurationList = 09C2F82419BF163A00472700 /* Build configuration list for PBXProject "os.storage" */;
			compatibilityVersion = "Xcode 3.2";
			developmentRegion = English;
			hasScannedForEncodings = 0;
			knownRegions = (
				en,
			);
			mainGroup = 09C2F82019BF163A00472700;
			productRefGroup = 09C2F82A19BF163B00472700 /* Products */;
			projectDirPath = "";
			projectRoot = "";
			targets = (
				09C2F82819BF163B00472700 /* os.storage.osx */,
				09C2F83919BF181B00472700 /* os.storage.ios */,
				0915782C1F8068940058B088 /* genRndBytes */,
			);
		};
/* End PBXProject section */

/* Begin PBXSourcesBuildPhase section */
		091578291F8068940058B088 /* Sources */ = {
			isa = PBXSourcesBuildPhase;
			buildActionMask = 2147483647;
			files = (
				0965AB6A1F8074870017F78C /* unity.build.mm.cpp in Sources */,
				0965AB651F806F860017F78C /* unity.build.cpp in Sources */,
				091578351F80695B0058B088 /* genRandBytes.cpp in Sources */,
			);
			runOnlyForDeploymentPostprocessing = 0;
		};
		09C2F82519BF163B00472700 /* Sources */ = {
			isa = PBXSourcesBuildPhase;
			buildActionMask = 2147483647;
			files = (
				09EC870B1E06628C00252038 /* unity.build.mm.cpp in Sources */,
				0978356D1D57B13B00E47ED3 /* unity.build.cpp in Sources */,
			);
			runOnlyForDeploymentPostprocessing = 0;
		};
		09C2F83619BF181B00472700 /* Sources */ = {
			isa = PBXSourcesBuildPhase;
			buildActionMask = 2147483647;
			files = (
				09EC870C1E06628D00252038 /* unity.build.mm.cpp in Sources */,
				0978356E1D57B13E00E47ED3 /* unity.build.cpp in Sources */,
			);
			runOnlyForDeploymentPostprocessing = 0;
		};
/* End PBXSourcesBuildPhase section */

/* Begin XCBuildConfiguration section */
		091578311F8068940058B088 /* Debug */ = {
			isa = XCBuildConfiguration;
			baseConfigurationReference = 09C84A621C271DC4002CF5B7 /* osx.debug.xcconfig */;
			buildSettings = {
			};
			name = Debug;
		};
		091578321F8068940058B088 /* Release */ = {
			isa = XCBuildConfiguration;
			baseConfigurationReference = 09C84A661C271DC4002CF5B7 /* osx.release.xcconfig */;
			buildSettings = {
			};
			name = Release;
		};
		09C2F82B19BF163B00472700 /* Debug */ = {
			isa = XCBuildConfiguration;
			baseConfigurationReference = 09C84A681C271DC4002CF5B7 /* Project.Debug.xcconfig */;
			buildSettings = {
			};
			name = Debug;
		};
		09C2F82C19BF163B00472700 /* Release */ = {
			isa = XCBuildConfiguration;
			baseConfigurationReference = 09C84A691C271DC4002CF5B7 /* Project.Release.xcconfig */;
			buildSettings = {
			};
			name = Release;
		};
		09C2F82E19BF163B00472700 /* Debug */ = {
			isa = XCBuildConfiguration;
			baseConfigurationReference = 09C84A621C271DC4002CF5B7 /* osx.debug.xcconfig */;
			buildSettings = {
			};
			name = Debug;
		};
		09C2F82F19BF163B00472700 /* Release */ = {
			isa = XCBuildConfiguration;
			baseConfigurationReference = 09C84A661C271DC4002CF5B7 /* osx.release.xcconfig */;
			buildSettings = {
			};
			name = Release;
		};
		09C2F85B19BF181B00472700 /* Debug */ = {
			isa = XCBuildConfiguration;
			baseConfigurationReference = 09C84A631C271DC4002CF5B7 /* ios.debug.xcconfig */;
			buildSettings = {
			};
			name = Debug;
		};
		09C2F85C19BF181B00472700 /* Release */ = {
			isa = XCBuildConfiguration;
			baseConfigurationReference = 09C84A641C271DC4002CF5B7 /* ios.release.xcconfig */;
			buildSettings = {
			};
			name = Release;
		};
/* End XCBuildConfiguration section */

/* Begin XCConfigurationList section */
		091578331F8068940058B088 /* Build configuration list for PBXNativeTarget "genRndBytes" */ = {
			isa = XCConfigurationList;
			buildConfigurations = (
				091578311F8068940058B088 /* Debug */,
				091578321F8068940058B088 /* Release */,
			);
			defaultConfigurationIsVisible = 0;
			defaultConfigurationName = Release;
		};
		09C2F82419BF163A00472700 /* Build configuration list for PBXProject "os.storage" */ = {
			isa = XCConfigurationList;
			buildConfigurations = (
				09C2F82B19BF163B00472700 /* Debug */,
				09C2F82C19BF163B00472700 /* Release */,
			);
			defaultConfigurationIsVisible = 0;
			defaultConfigurationName = Release;
		};
		09C2F82D19BF163B00472700 /* Build configuration list for PBXNativeTarget "os.storage.osx" */ = {
			isa = XCConfigurationList;
			buildConfigurations = (
				09C2F82E19BF163B00472700 /* Debug */,
				09C2F82F19BF163B00472700 /* Release */,
			);
			defaultConfigurationIsVisible = 0;
			defaultConfigurationName = Release;
		};
		09C2F85A19BF181B00472700 /* Build configuration list for PBXNativeTarget "os.storage.ios" */ = {
			isa = XCConfigurationList;
			buildConfigurations = (
				09C2F85B19BF181B00472700 /* Debug */,
				09C2F85C19BF181B00472700 /* Release */,
			);
			defaultConfigurationIsVisible = 0;
			defaultConfigurationName = Release;
		};
/* End XCConfigurationList section */
	};
	rootObject = 09C2F82119BF163A00472700 /* Project object */;
}
